
Microsoft Visual Studio Solution File, Format Version 12.00
Project("{FAE04EC0-301F-11D3-BF4B-00C04F79EFBC}") = "TaskApp.Net6", "TaskApp.Net6.csproj", "{83283D39-766A-467B-9EB9-0C6ED74F46C3}"
EndProject
Global
	GlobalSection(SolutionConfigurationPlatforms) = preSolution
		Debug|Any CPU = Debug|Any CPU
		Release|Any CPU = Release|Any CPU
	EndGlobalSection
	GlobalSection(ProjectConfigurationPlatforms) = postSolution
		{83283D39-766A-467B-9EB9-0C6ED74F46C3}.Debug|Any CPU.ActiveCfg = Debug|Any CPU
		{83283D39-766A-467B-9EB9-0C6ED74F46C3}.Debug|Any CPU.Build.0 = Debug|Any CPU
		{83283D39-766A-467B-9EB9-0C6ED74F46C3}.Release|Any CPU.ActiveCfg = Release|Any CPU
		{83283D39-766A-467B-9EB9-0C6ED74F46C3}.Release|Any CPU.Build.0 = Release|Any CPU
	EndGlobalSection
EndGlobal
